
Microsoft Visual Studio Solution File, Format Version 12.00
# Visual Studio Version 16
VisualStudioVersion = 16.0.29709.97
MinimumVisualStudioVersion = 10.0.40219.1
Project("{FAE04EC0-301F-11D3-BF4B-00C04F79EFBC}") = "WpfApp1", "WpfApp1\WpfApp1.csproj", "{8C348143-42C8-4C81-AF11-DB2D72BD8971}"
EndProject
Global
	GlobalSection(SolutionConfigurationPlatforms) = preSolution
		Debug|Any CPU = Debug|Any CPU
		Release|Any CPU = Release|Any CPU
	EndGlobalSection
	GlobalSection(ProjectConfigurationPlatforms) = postSolution
		{8C348143-42C8-4C81-AF11-DB2D72BD8971}.Debug|Any CPU.ActiveCfg = Debug|Any CPU
		{8C348143-42C8-4C81-AF11-DB2D72BD8971}.Debug|Any CPU.Build.0 = Debug|Any CPU
		{8C348143-42C8-4C81-AF11-DB2D72BD8971}.Release|Any CPU.ActiveCfg = Release|Any CPU
		{8C348143-42C8-4C81-AF11-DB2D72BD8971}.Release|Any CPU.Build.0 = Release|Any CPU
	EndGlobalSection
	GlobalSection(SolutionProperties) = preSolution
		HideSolutionNode = FALSE
	EndGlobalSection
	GlobalSection(ExtensibilityGlobals) = postSolution
		SolutionGuid = {6D2A4510-3F94-481C-8A7A-3F71350687AF}
	EndGlobalSection
EndGlobal
